
Microsoft Visual Studio Solution File, Format Version 12.00
# Visual Studio Version 17
VisualStudioVersion = 17.14.36414.22 d17.14
MinimumVisualStudioVersion = 10.0.40219.1
Project("{FAE04EC0-301F-11D3-BF4B-00C04F79EFBC}") = "CodeMazeCQRSGuide", "CodeMazeCQRSGuide\CodeMazeCQRSGuide.csproj", "{45BFC32B-D7D9-4082-8AE2-1A2240CC6761}"
EndProject
Project("{FAE04EC0-301F-11D3-BF4B-00C04F79EFBC}") = "Shared", "Shared\Shared.csproj", "{CD5512E0-299C-4F8B-8D54-D7B108165972}"
EndProject
Project("{FAE04EC0-301F-11D3-BF4B-00C04F79EFBC}") = "Entities", "Entities\Entities.csproj", "{6EF80D7E-C45F-43D2-8657-00E987053D92}"
EndProject
Global
	GlobalSection(SolutionConfigurationPlatforms) = preSolution
		Debug|Any CPU = Debug|Any CPU
		Release|Any CPU = Release|Any CPU
	EndGlobalSection
	GlobalSection(ProjectConfigurationPlatforms) = postSolution
		{45BFC32B-D7D9-4082-8AE2-1A2240CC6761}.Debug|Any CPU.ActiveCfg = Debug|Any CPU
		{45BFC32B-D7D9-4082-8AE2-1A2240CC6761}.Debug|Any CPU.Build.0 = Debug|Any CPU
		{45BFC32B-D7D9-4082-8AE2-1A2240CC6761}.Release|Any CPU.ActiveCfg = Release|Any CPU
		{45BFC32B-D7D9-4082-8AE2-1A2240CC6761}.Release|Any CPU.Build.0 = Release|Any CPU
	EndGlobalSection
	GlobalSection(SolutionProperties) = preSolution
		HideSolutionNode = FALSE
	EndGlobalSection
	GlobalSection(ExtensibilityGlobals) = postSolution
		SolutionGuid = {37D083E4-8EFA-46FF-A03C-991E7DC1545E}
	EndGlobalSection
EndGlobal
